
Microsoft Visual Studio Solution File, Format Version 12.00
# Visual Studio Version 16
VisualStudioVersion = 16.0.31515.178
MinimumVisualStudioVersion = 10.0.40219.1
Project("{FAE04EC0-301F-11D3-BF4B-00C04F79EFBC}") = "Couple", "Couple\Couple.csproj", "{6234647F-0584-41FA-B184-96CAB8D862A3}"
EndProject
Global
	GlobalSection(SolutionConfigurationPlatforms) = preSolution
		Debug|Any CPU = Debug|Any CPU
		Release|Any CPU = Release|Any CPU
	EndGlobalSection
	GlobalSection(ProjectConfigurationPlatforms) = postSolution
		{6234647F-0584-41FA-B184-96CAB8D862A3}.Debug|Any CPU.ActiveCfg = Debug|Any CPU
		{6234647F-0584-41FA-B184-96CAB8D862A3}.Debug|Any CPU.Build.0 = Debug|Any CPU
		{6234647F-0584-41FA-B184-96CAB8D862A3}.Release|Any CPU.ActiveCfg = Release|Any CPU
		{6234647F-0584-41FA-B184-96CAB8D862A3}.Release|Any CPU.Build.0 = Release|Any CPU
	EndGlobalSection
	GlobalSection(SolutionProperties) = preSolution
		HideSolutionNode = FALSE
	EndGlobalSection
	GlobalSection(ExtensibilityGlobals) = postSolution
		SolutionGuid = {C1683E66-1AC2-46D2-942A-B2A32AA740EE}
	EndGlobalSection
EndGlobal
